
Microsoft Visual Studio Solution File, Format Version 12.00
# Visual Studio Version 17
VisualStudioVersion = 17.3.32811.315
MinimumVisualStudioVersion = 10.0.40219.1
Project("{FAE04EC0-301F-11D3-BF4B-00C04F79EFBC}") = "PowerBImig", "PowerBImig\PowerBImig.csproj", "{1F54CAAC-17AE-4645-95DF-762F9FEA3F61}"
EndProject
Global
	GlobalSection(SolutionConfigurationPlatforms) = preSolution
		Debug|Any CPU = Debug|Any CPU
		Release|Any CPU = Release|Any CPU
	EndGlobalSection
	GlobalSection(ProjectConfigurationPlatforms) = postSolution
		{1F54CAAC-17AE-4645-95DF-762F9FEA3F61}.Debug|Any CPU.ActiveCfg = Debug|Any CPU
		{1F54CAAC-17AE-4645-95DF-762F9FEA3F61}.Debug|Any CPU.Build.0 = Debug|Any CPU
		{1F54CAAC-17AE-4645-95DF-762F9FEA3F61}.Release|Any CPU.ActiveCfg = Release|Any CPU
		{1F54CAAC-17AE-4645-95DF-762F9FEA3F61}.Release|Any CPU.Build.0 = Release|Any CPU
	EndGlobalSection
	GlobalSection(SolutionProperties) = preSolution
		HideSolutionNode = FALSE
	EndGlobalSection
	GlobalSection(ExtensibilityGlobals) = postSolution
		SolutionGuid = {E3E2D656-08E3-4E33-9D46-33906AA1D18D}
	EndGlobalSection
EndGlobal
